
Microsoft Visual Studio Solution File, Format Version 12.00
# Visual Studio Version 17
VisualStudioVersion = 17.0.31903.59
MinimumVisualStudioVersion = 10.0.40219.1
Project("{FAE04EC0-301F-11D3-BF4B-00C04F79EFBC}") = "Bio.Domain", "Bio.Domain\Bio.Domain.csproj", "{6B53808B-33F4-41FA-B5FB-1C307AE0C596}"
EndProject
Project("{FAE04EC0-301F-11D3-BF4B-00C04F79EFBC}") = "Bio.Application", "Bio.Application\Bio.Application.csproj", "{A54F00EB-CD03-4082-9221-890F7E0819BE}"
EndProject
Project("{FAE04EC0-301F-11D3-BF4B-00C04F79EFBC}") = "Bio.Infrastructure", "Bio.Infrastructure\Bio.Infrastructure.csproj", "{BC7F6D98-91CE-457F-AC9D-0C6AEAE99F2B}"
EndProject
Project("{FAE04EC0-301F-11D3-BF4B-00C04F79EFBC}") = "Bio.API", "Bio.API\Bio.API.csproj", "{4E622DB6-B5C3-4960-8E15-ACB66E53096F}"
EndProject
Project("{FAE04EC0-301F-11D3-BF4B-00C04F79EFBC}") = "Bio.Tests", "Bio.Tests\Bio.Tests.csproj", "{B8239511-AD93-4F74-8AC2-4C9927AF4373}"
EndProject
Global
	GlobalSection(SolutionConfigurationPlatforms) = preSolution
		Debug|Any CPU = Debug|Any CPU
		Release|Any CPU = Release|Any CPU
	EndGlobalSection
	GlobalSection(SolutionProperties) = preSolution
		HideSolutionNode = FALSE
	EndGlobalSection
	GlobalSection(ProjectConfigurationPlatforms) = postSolution
		{6B53808B-33F4-41FA-B5FB-1C307AE0C596}.Debug|Any CPU.ActiveCfg = Debug|Any CPU
		{6B53808B-33F4-41FA-B5FB-1C307AE0C596}.Debug|Any CPU.Build.0 = Debug|Any CPU
		{6B53808B-33F4-41FA-B5FB-1C307AE0C596}.Release|Any CPU.ActiveCfg = Release|Any CPU
		{6B53808B-33F4-41FA-B5FB-1C307AE0C596}.Release|Any CPU.Build.0 = Release|Any CPU
		{A54F00EB-CD03-4082-9221-890F7E0819BE}.Debug|Any CPU.ActiveCfg = Debug|Any CPU
		{A54F00EB-CD03-4082-9221-890F7E0819BE}.Debug|Any CPU.Build.0 = Debug|Any CPU
		{A54F00EB-CD03-4082-9221-890F7E0819BE}.Release|Any CPU.ActiveCfg = Release|Any CPU
		{A54F00EB-CD03-4082-9221-890F7E0819BE}.Release|Any CPU.Build.0 = Release|Any CPU
		{BC7F6D98-91CE-457F-AC9D-0C6AEAE99F2B}.Debug|Any CPU.ActiveCfg = Debug|Any CPU
		{BC7F6D98-91CE-457F-AC9D-0C6AEAE99F2B}.Debug|Any CPU.Build.0 = Debug|Any CPU
		{BC7F6D98-91CE-457F-AC9D-0C6AEAE99F2B}.Release|Any CPU.ActiveCfg = Release|Any CPU
		{BC7F6D98-91CE-457F-AC9D-0C6AEAE99F2B}.Release|Any CPU.Build.0 = Release|Any CPU
		{4E622DB6-B5C3-4960-8E15-ACB66E53096F}.Debug|Any CPU.ActiveCfg = Debug|Any CPU
		{4E622DB6-B5C3-4960-8E15-ACB66E53096F}.Debug|Any CPU.Build.0 = Debug|Any CPU
		{4E622DB6-B5C3-4960-8E15-ACB66E53096F}.Release|Any CPU.ActiveCfg = Release|Any CPU
		{4E622DB6-B5C3-4960-8E15-ACB66E53096F}.Release|Any CPU.Build.0 = Release|Any CPU
		{B8239511-AD93-4F74-8AC2-4C9927AF4373}.Debug|Any CPU.ActiveCfg = Debug|Any CPU
		{B8239511-AD93-4F74-8AC2-4C9927AF4373}.Debug|Any CPU.Build.0 = Debug|Any CPU
		{B8239511-AD93-4F74-8AC2-4C9927AF4373}.Release|Any CPU.ActiveCfg = Release|Any CPU
		{B8239511-AD93-4F74-8AC2-4C9927AF4373}.Release|Any CPU.Build.0 = Release|Any CPU
	EndGlobalSection
EndGlobal
